{
  "name": "storyblok-solr-indexer",
  "version": "0.1.2",
  "lockfileVersion": 3,
  "requires": true,
  "packages": {
    "": {
      "name": "storyblok-solr-indexer",
      "version": "0.1.2",
      "license": "ISC",
      "dependencies": {
        "storyblok-js-client": "^6.6.4"
      },
      "devDependencies": {
        "dotenv": "^16.4.1"
      }
    },
    "node_modules/dotenv": {
      "version": "16.4.1",
      "resolved": "https://registry.npmjs.org/dotenv/-/dotenv-16.4.1.tgz",
      "integrity": "sha512-CjA3y+Dr3FyFDOAMnxZEGtnW9KBR2M0JvvUtXNW+dYJL5ROWxP9DUHCwgFqpMk0OXCc0ljhaNTr2w/kutYIcHQ==",
      "dev": true,
      "engines": {
        "node": ">=12"
      },
      "funding": {
        "url": "https://github.com/motdotla/dotenv?sponsor=1"
      }
    },
    "node_modules/storyblok-js-client": {
      "version": "6.6.4",
      "resolved": "https://registry.npmjs.org/storyblok-js-client/-/storyblok-js-client-6.6.4.tgz",
      "integrity": "sha512-nFIrCK86l1KZQkG6X4vYHkbwkHp31zJnssav5ktnD28QZcBC5utc++f4xhIlYJ2+boYbewMGlnPZ1YzFuudbzA=="
    }
  }
}
